// !$*UTF8*$!
{
	archiveVersion = 1;
	classes = {
	};
	objectVersion = 56;
	objects = {

/* Begin PBXBuildFile section */
		B04FE7102FE0015900ADE0C8 /* Basic_Expense_TrackerApp.swift in Sources */ = {isa = PBXBuildFile; fileRef = B04FE70F2FE0015900ADE0C8 /* Basic_Expense_TrackerApp.swift */; };
		B04FE7122FE0015900ADE0C8 /* ContentView.swift in Sources */ = {isa = PBXBuildFile; fileRef = B04FE7112FE0015900ADE0C8 /* ContentView.swift */; };
		B04FE7142FE0015A00ADE0C8 /* Assets.xcassets in Resources */ = {isa = PBXBuildFile; fileRef = B04FE7132FE0015A00ADE0C8 /* Assets.xcassets */; };
		B04FE7172FE0015A00ADE0C8 /* Preview Assets.xcassets in Resources */ = {isa = PBXBuildFile; fileRef = B04FE7162FE0015A00ADE0C8 /* Preview Assets.xcassets */; };
		B04FE7212FE0015A00ADE0C8 /* Basic_Expense_TrackerTests.swift in Sources */ = {isa = PBXBuildFile; fileRef = B04FE7202FE0015A00ADE0C8 /* Basic_Expense_TrackerTests.swift */; };
		B04FE72B2FE0015A00ADE0C8 /* Basic_Expense_TrackerUITests.swift in Sources */ = {isa = PBXBuildFile; fileRef = B04FE72A2FE0015A00ADE0C8 /* Basic_Expense_TrackerUITests.swift */; };
		B04FE72D2FE0015A00ADE0C8 /* Basic_Expense_TrackerUITestsLaunchTests.swift in Sources */ = {isa = PBXBuildFile; fileRef = B04FE72C2FE0015A00ADE0C8 /* Basic_Expense_TrackerUITestsLaunchTests.swift */; };
		B04FE73A2FE0023800ADE0C8 /* ExpenseRow.swift in Sources */ = {isa = PBXBuildFile; fileRef = B04FE7392FE0023800ADE0C8 /* ExpenseRow.swift */; };
		B04FE73C2FE0024B00ADE0C8 /* AddExpenseView.swift in Sources */ = {isa = PBXBuildFile; fileRef = B04FE73B2FE0024B00ADE0C8 /* AddExpenseView.swift */; };
		B054F2F12FE3BD0900121587 /* SettingsView.swift in Sources */ = {isa = PBXBuildFile; fileRef = B054F2F02FE3BD0900121587 /* SettingsView.swift */; };
		B054F2F32FE3BF5300121587 /* Settings.bundle in Resources */ = {isa = PBXBuildFile; fileRef = B054F2F22FE3BF5200121587 /* Settings.bundle */; };
		B054F2F52FE3C36500121587 /* CurrencySettingsView.swift in Sources */ = {isa = PBXBuildFile; fileRef = B054F2F42FE3C36500121587 /* CurrencySettingsView.swift */; };
		B0CDEA632FE243420064DCEB /* EditExpenseView.swift in Sources */ = {isa = PBXBuildFile; fileRef = B0CDEA622FE243420064DCEB /* EditExpenseView.swift */; };
		B0EB7E3C2FE0D555006B37EF /* Expense.swift in Sources */ = {isa = PBXBuildFile; fileRef = B0EB7E3B2FE0D555006B37EF /* Expense.swift */; };
/* End PBXBuildFile section */

/* Begin PBXContainerItemProxy section */
		B04FE71D2FE0015A00ADE0C8 /* PBXContainerItemProxy */ = {
			isa = PBXContainerItemProxy;
			containerPortal = B04FE7042FE0015900ADE0C8 /* Project object */;
			proxyType = 1;
			remoteGlobalIDString = B04FE70B2FE0015900ADE0C8;
			remoteInfo = "Basic Expense Tracker";
		};
		B04FE7272FE0015A00ADE0C8 /* PBXContainerItemProxy */ = {
			isa = PBXContainerItemProxy;
			containerPortal = B04FE7042FE0015900ADE0C8 /* Project object */;
			proxyType = 1;
			remoteGlobalIDString = B04FE70B2FE0015900ADE0C8;
			remoteInfo = "Basic Expense Tracker";
		};
/* End PBXContainerItemProxy section */

/* Begin PBXFileReference section */
		B04FE70C2FE0015900ADE0C8 /* Basic Expense Tracker.app */ = {isa = PBXFileReference; explicitFileType = wrapper.application; includeInIndex = 0; path = "Basic Expense Tracker.app"; sourceTree = BUILT_PRODUCTS_DIR; };
		B04FE70F2FE0015900ADE0C8 /* Basic_Expense_TrackerApp.swift */ = {isa = PBXFileReference; lastKnownFileType = sourcecode.swift; path = Basic_Expense_TrackerApp.swift; sourceTree = "<group>"; };
		B04FE7112FE0015900ADE0C8 /* ContentView.swift */ = {isa = PBXFileReference; lastKnownFileType = sourcecode.swift; path = ContentView.swift; sourceTree = "<group>"; };
		B04FE7132FE0015A00ADE0C8 /* Assets.xcassets */ = {isa = PBXFileReference; lastKnownFileType = folder.assetcatalog; path = Assets.xcassets; sourceTree = "<group>"; };
		B04FE7162FE0015A00ADE0C8 /* Preview Assets.xcassets */ = {isa = PBXFileReference; lastKnownFileType = folder.assetcatalog; path = "Preview Assets.xcassets"; sourceTree = "<group>"; };
		B04FE71C2FE0015A00ADE0C8 /* Basic Expense TrackerTests.xctest */ = {isa = PBXFileReference; explicitFileType = wrapper.cfbundle; includeInIndex = 0; path = "Basic Expense TrackerTests.xctest"; sourceTree = BUILT_PRODUCTS_DIR; };
		B04FE7202FE0015A00ADE0C8 /* Basic_Expense_TrackerTests.swift */ = {isa = PBXFileReference; lastKnownFileType = sourcecode.swift; path = Basic_Expense_TrackerTests.swift; sourceTree = "<group>"; };
		B04FE7262FE0015A00ADE0C8 /* Basic Expense TrackerUITests.xctest */ = {isa = PBXFileReference; explicitFileType = wrapper.cfbundle; includeInIndex = 0; path = "Basic Expense TrackerUITests.xctest"; sourceTree = BUILT_PRODUCTS_DIR; };
		B04FE72A2FE0015A00ADE0C8 /* Basic_Expense_TrackerUITests.swift */ = {isa = PBXFileReference; lastKnownFileType = sourcecode.swift; path = Basic_Expense_TrackerUITests.swift; sourceTree = "<group>"; };
		B04FE72C2FE0015A00ADE0C8 /* Basic_Expense_TrackerUITestsLaunchTests.swift */ = {isa = PBXFileReference; lastKnownFileType = sourcecode.swift; path = Basic_Expense_TrackerUITestsLaunchTests.swift; sourceTree = "<group>"; };
		B04FE7392FE0023800ADE0C8 /* ExpenseRow.swift */ = {isa = PBXFileReference; lastKnownFileType = sourcecode.swift; path = ExpenseRow.swift; sourceTree = "<group>"; };
		B04FE73B2FE0024B00ADE0C8 /* AddExpenseView.swift */ = {isa = PBXFileReference; lastKnownFileType = sourcecode.swift; path = AddExpenseView.swift; sourceTree = "<group>"; };
		B054F2F02FE3BD0900121587 /* SettingsView.swift */ = {isa = PBXFileReference; lastKnownFileType = sourcecode.swift; path = SettingsView.swift; sourceTree = "<group>"; };
		B054F2F22FE3BF5200121587 /* Settings.bundle */ = {isa = PBXFileReference; lastKnownFileType = "wrapper.plug-in"; path = Settings.bundle; sourceTree = "<group>"; };
		B054F2F42FE3C36500121587 /* CurrencySettingsView.swift */ = {isa = PBXFileReference; lastKnownFileType = sourcecode.swift; path = CurrencySettingsView.swift; sourceTree = "<group>"; };
		B0CDEA622FE243420064DCEB /* EditExpenseView.swift */ = {isa = PBXFileReference; lastKnownFileType = sourcecode.swift; path = EditExpenseView.swift; sourceTree = "<group>"; };
		B0EB7E3B2FE0D555006B37EF /* Expense.swift */ = {isa = PBXFileReference; lastKnownFileType = sourcecode.swift; path = Expense.swift; sourceTree = "<group>"; };
/* End PBXFileReference section */

/* Begin PBXFrameworksBuildPhase section */
		B04FE7092FE0015900ADE0C8 /* Frameworks */ = {
			isa = PBXFrameworksBuildPhase;
			buildActionMask = 2147483647;
			files = (
			);
			runOnlyForDeploymentPostprocessing = 0;
		};
		B04FE7192FE0015A00ADE0C8 /* Frameworks */ = {
			isa = PBXFrameworksBuildPhase;
			buildActionMask = 2147483647;
			files = (
			);
			runOnlyForDeploymentPostprocessing = 0;
		};
		B04FE7232FE0015A00ADE0C8 /* Frameworks */ = {
			isa = PBXFrameworksBuildPhase;
			buildActionMask = 2147483647;
			files = (
			);
			runOnlyForDeploymentPostprocessing = 0;
		};
/* End PBXFrameworksBuildPhase section */

/* Begin PBXGroup section */
		B04FE7032FE0015900ADE0C8 = {
			isa = PBXGroup;
			children = (
				B04FE70E2FE0015900ADE0C8 /* Basic Expense Tracker */,
				B04FE71F2FE0015A00ADE0C8 /* Basic Expense TrackerTests */,
				B04FE7292FE0015A00ADE0C8 /* Basic Expense TrackerUITests */,
				B04FE70D2FE0015900ADE0C8 /* Products */,
			);
			sourceTree = "<group>";
		};
		B04FE70D2FE0015900ADE0C8 /* Products */ = {
			isa = PBXGroup;
			children = (
				B04FE70C2FE0015900ADE0C8 /* Basic Expense Tracker.app */,
				B04FE71C2FE0015A00ADE0C8 /* Basic Expense TrackerTests.xctest */,
				B04FE7262FE0015A00ADE0C8 /* Basic Expense TrackerUITests.xctest */,
			);
			name = Products;
			sourceTree = "<group>";
		};
		B04FE70E2FE0015900ADE0C8 /* Basic Expense Tracker */ = {
			isa = PBXGroup;
			children = (
				B04FE70F2FE0015900ADE0C8 /* Basic_Expense_TrackerApp.swift */,
				B04FE7112FE0015900ADE0C8 /* ContentView.swift */,
				B04FE7132FE0015A00ADE0C8 /* Assets.xcassets */,
				B04FE7152FE0015A00ADE0C8 /* Preview Content */,
				B04FE7392FE0023800ADE0C8 /* ExpenseRow.swift */,
				B04FE73B2FE0024B00ADE0C8 /* AddExpenseView.swift */,
				B0EB7E3B2FE0D555006B37EF /* Expense.swift */,
				B0CDEA622FE243420064DCEB /* EditExpenseView.swift */,
				B054F2F02FE3BD0900121587 /* SettingsView.swift */,
				B054F2F22FE3BF5200121587 /* Settings.bundle */,
				B054F2F42FE3C36500121587 /* CurrencySettingsView.swift */,
			);
			path = "Basic Expense Tracker";
			sourceTree = "<group>";
		};
		B04FE7152FE0015A00ADE0C8 /* Preview Content */ = {
			isa = PBXGroup;
			children = (
				B04FE7162FE0015A00ADE0C8 /* Preview Assets.xcassets */,
			);
			path = "Preview Content";
			sourceTree = "<group>";
		};
		B04FE71F2FE0015A00ADE0C8 /* Basic Expense TrackerTests */ = {
			isa = PBXGroup;
			children = (
				B04FE7202FE0015A00ADE0C8 /* Basic_Expense_TrackerTests.swift */,
			);
			path = "Basic Expense TrackerTests";
			sourceTree = "<group>";
		};
		B04FE7292FE0015A00ADE0C8 /* Basic Expense TrackerUITests */ = {
			isa = PBXGroup;
			children = (
				B04FE72A2FE0015A00ADE0C8 /* Basic_Expense_TrackerUITests.swift */,
				B04FE72C2FE0015A00ADE0C8 /* Basic_Expense_TrackerUITestsLaunchTests.swift */,
			);
			path = "Basic Expense TrackerUITests";
			sourceTree = "<group>";
		};
/* End PBXGroup section */

/* Begin PBXNativeTarget section */
		B04FE70B2FE0015900ADE0C8 /* Basic Expense Tracker */ = {
			isa = PBXNativeTarget;
			buildConfigurationList = B04FE7302FE0015A00ADE0C8 /* Build configuration list for PBXNativeTarget "Basic Expense Tracker" */;
			buildPhases = (
				B04FE7082FE0015900ADE0C8 /* Sources */,
				B04FE7092FE0015900ADE0C8 /* Frameworks */,
				B04FE70A2FE0015900ADE0C8 /* Resources */,
			);
			buildRules = (
			);
			dependencies = (
			);
			name = "Basic Expense Tracker";
			productName = "Basic Expense Tracker";
			productReference = B04FE70C2FE0015900ADE0C8 /* Basic Expense Tracker.app */;
			productType = "com.apple.product-type.application";
		};
		B04FE71B2FE0015A00ADE0C8 /* Basic Expense TrackerTests */ = {
			isa = PBXNativeTarget;
			buildConfigurationList = B04FE7332FE0015A00ADE0C8 /* Build configuration list for PBXNativeTarget "Basic Expense TrackerTests" */;
			buildPhases = (
				B04FE7182FE0015A00ADE0C8 /* Sources */,
				B04FE7192FE0015A00ADE0C8 /* Frameworks */,
				B04FE71A2FE0015A00ADE0C8 /* Resources */,
			);
			buildRules = (
			);
			dependencies = (
				B04FE71E2FE0015A00ADE0C8 /* PBXTargetDependency */,
			);
			name = "Basic Expense TrackerTests";
			productName = "Basic Expense TrackerTests";
			productReference = B04FE71C2FE0015A00ADE0C8 /* Basic Expense TrackerTests.xctest */;
			productType = "com.apple.product-type.bundle.unit-test";
		};
		B04FE7252FE0015A00ADE0C8 /* Basic Expense TrackerUITests */ = {
			isa = PBXNativeTarget;
			buildConfigurationList = B04FE7362FE0015A00ADE0C8 /* Build configuration list for PBXNativeTarget "Basic Expense TrackerUITests" */;
			buildPhases = (
				B04FE7222FE0015A00ADE0C8 /* Sources */,
				B04FE7232FE0015A00ADE0C8 /* Frameworks */,
				B04FE7242FE0015A00ADE0C8 /* Resources */,
			);
			buildRules = (
			);
			dependencies = (
				B04FE7282FE0015A00ADE0C8 /* PBXTargetDependency */,
			);
			name = "Basic Expense TrackerUITests";
			productName = "Basic Expense TrackerUITests";
			productReference = B04FE7262FE0015A00ADE0C8 /* Basic Expense TrackerUITests.xctest */;
			productType = "com.apple.product-type.bundle.ui-testing";
		};
/* End PBXNativeTarget section */

/* Begin PBXProject section */
		B04FE7042FE0015900ADE0C8 /* Project object */ = {
			isa = PBXProject;
			attributes = {
				BuildIndependentTargetsInParallel = 1;
				LastSwiftUpdateCheck = 1430;
				LastUpgradeCheck = 1430;
				TargetAttributes = {
					B04FE70B2FE0015900ADE0C8 = {
						CreatedOnToolsVersion = 14.3.1;
					};
					B04FE71B2FE0015A00ADE0C8 = {
						CreatedOnToolsVersion = 14.3.1;
						TestTargetID = B04FE70B2FE0015900ADE0C8;
					};
					B04FE7252FE0015A00ADE0C8 = {
						CreatedOnToolsVersion = 14.3.1;
						TestTargetID = B04FE70B2FE0015900ADE0C8;
					};
				};
			};
			buildConfigurationList = B04FE7072FE0015900ADE0C8 /* Build configuration list for PBXProject "Basic Expense Tracker" */;
			compatibilityVersion = "Xcode 14.0";
			developmentRegion = en;
			hasScannedForEncodings = 0;
			knownRegions = (
				en,
				Base,
			);
			mainGroup = B04FE7032FE0015900ADE0C8;
			productRefGroup = B04FE70D2FE0015900ADE0C8 /* Products */;
			projectDirPath = "";
			projectRoot = "";
			targets = (
				B04FE70B2FE0015900ADE0C8 /* Basic Expense Tracker */,
				B04FE71B2FE0015A00ADE0C8 /* Basic Expense TrackerTests */,
				B04FE7252FE0015A00ADE0C8 /* Basic Expense TrackerUITests */,
			);
		};
/* End PBXProject section */

/* Begin PBXResourcesBuildPhase section */
		B04FE70A2FE0015900ADE0C8 /* Resources */ = {
			isa = PBXResourcesBuildPhase;
			buildActionMask = 2147483647;
			files = (
				B04FE7172FE0015A00ADE0C8 /* Preview Assets.xcassets in Resources */,
				B054F2F32FE3BF5300121587 /* Settings.bundle in Resources */,
				B04FE7142FE0015A00ADE0C8 /* Assets.xcassets in Resources */,
			);
			runOnlyForDeploymentPostprocessing = 0;
		};
		B04FE71A2FE0015A00ADE0C8 /* Resources */ = {
			isa = PBXResourcesBuildPhase;
			buildActionMask = 2147483647;
			files = (
			);
			runOnlyForDeploymentPostprocessing = 0;
		};
		B04FE7242FE0015A00ADE0C8 /* Resources */ = {
			isa = PBXResourcesBuildPhase;
			buildActionMask = 2147483647;
			files = (
			);
			runOnlyForDeploymentPostprocessing = 0;
		};
/* End PBXResourcesBuildPhase section */

/* Begin PBXSourcesBuildPhase section */
		B04FE7082FE0015900ADE0C8 /* Sources */ = {
			isa = PBXSourcesBuildPhase;
			buildActionMask = 2147483647;
			files = (
				B054F2F12FE3BD0900121587 /* SettingsView.swift in Sources */,
				B04FE7122FE0015900ADE0C8 /* ContentView.swift in Sources */,
				B04FE73A2FE0023800ADE0C8 /* ExpenseRow.swift in Sources */,
				B04FE7102FE0015900ADE0C8 /* Basic_Expense_TrackerApp.swift in Sources */,
				B054F2F52FE3C36500121587 /* CurrencySettingsView.swift in Sources */,
				B04FE73C2FE0024B00ADE0C8 /* AddExpenseView.swift in Sources */,
				B0EB7E3C2FE0D555006B37EF /* Expense.swift in Sources */,
				B0CDEA632FE243420064DCEB /* EditExpenseView.swift in Sources */,
			);
			runOnlyForDeploymentPostprocessing = 0;
		};
		B04FE7182FE0015A00ADE0C8 /* Sources */ = {
			isa = PBXSourcesBuildPhase;
			buildActionMask = 2147483647;
			files = (
				B04FE7212FE0015A00ADE0C8 /* Basic_Expense_TrackerTests.swift in Sources */,
			);
			runOnlyForDeploymentPostprocessing = 0;
		};
		B04FE7222FE0015A00ADE0C8 /* Sources */ = {
			isa = PBXSourcesBuildPhase;
			buildActionMask = 2147483647;
			files = (
				B04FE72B2FE0015A00ADE0C8 /* Basic_Expense_TrackerUITests.swift in Sources */,
				B04FE72D2FE0015A00ADE0C8 /* Basic_Expense_TrackerUITestsLaunchTests.swift in Sources */,
			);
			runOnlyForDeploymentPostprocessing = 0;
		};
/* End PBXSourcesBuildPhase section */

/* Begin PBXTargetDependency section */
		B04FE71E2FE0015A00ADE0C8 /* PBXTargetDependency */ = {
			isa = PBXTargetDependency;
			target = B04FE70B2FE0015900ADE0C8 /* Basic Expense Tracker */;
			targetProxy = B04FE71D2FE0015A00ADE0C8 /* PBXContainerItemProxy */;
		};
		B04FE7282FE0015A00ADE0C8 /* PBXTargetDependency */ = {
			isa = PBXTargetDependency;
			target = B04FE70B2FE0015900ADE0C8 /* Basic Expense Tracker */;
			targetProxy = B04FE7272FE0015A00ADE0C8 /* PBXContainerItemProxy */;
		};
/* End PBXTargetDependency section */

/* Begin XCBuildConfiguration section */
		B04FE72E2FE0015A00ADE0C8 /* Debug */ = {
			isa = XCBuildConfiguration;
			buildSettings = {
				ALWAYS_SEARCH_USER_PATHS = NO;
				CLANG_ANALYZER_NONNULL = YES;
				CLANG_ANALYZER_NUMBER_OBJECT_CONVERSION = YES_AGGRESSIVE;
				CLANG_CXX_LANGUAGE_STANDARD = "gnu++20";
				CLANG_ENABLE_MODULES = YES;
				CLANG_ENABLE_OBJC_ARC = YES;
				CLANG_ENABLE_OBJC_WEAK = YES;
				CLANG_WARN_BLOCK_CAPTURE_AUTORELEASING = YES;
				CLANG_WARN_BOOL_CONVERSION = YES;
				CLANG_WARN_COMMA = YES;
				CLANG_WARN_CONSTANT_CONVERSION = YES;
				CLANG_WARN_DEPRECATED_OBJC_IMPLEMENTATIONS = YES;
				CLANG_WARN_DIRECT_OBJC_ISA_USAGE = YES_ERROR;
				CLANG_WARN_DOCUMENTATION_COMMENTS = YES;
				CLANG_WARN_EMPTY_BODY = YES;
				CLANG_WARN_ENUM_CONVERSION = YES;
				CLANG_WARN_INFINITE_RECURSION = YES;
				CLANG_WARN_INT_CONVERSION = YES;
				CLANG_WARN_NON_LITERAL_NULL_CONVERSION = YES;
				CLANG_WARN_OBJC_IMPLICIT_RETAIN_SELF = YES;
				CLANG_WARN_OBJC_LITERAL_CONVERSION = YES;
				CLANG_WARN_OBJC_ROOT_CLASS = YES_ERROR;
				CLANG_WARN_QUOTED_INCLUDE_IN_FRAMEWORK_HEADER = YES;
				CLANG_WARN_RANGE_LOOP_ANALYSIS = YES;
				CLANG_WARN_STRICT_PROTOTYPES = YES;
				CLANG_WARN_SUSPICIOUS_MOVE = YES;
				CLANG_WARN_UNGUARDED_AVAILABILITY = YES_AGGRESSIVE;
				CLANG_WARN_UNREACHABLE_CODE = YES;
				CLANG_WARN__DUPLICATE_METHOD_MATCH = YES;
				COPY_PHASE_STRIP = NO;
				DEBUG_INFORMATION_FORMAT = dwarf;
				ENABLE_STRICT_OBJC_MSGSEND = YES;
				ENABLE_TESTABILITY = YES;
				GCC_C_LANGUAGE_STANDARD = gnu11;
				GCC_DYNAMIC_NO_PIC = NO;
				GCC_NO_COMMON_BLOCKS = YES;
				GCC_OPTIMIZATION_LEVEL = 0;
				GCC_PREPROCESSOR_DEFINITIONS = (
					"DEBUG=1",
					"$(inherited)",
				);
				GCC_WARN_64_TO_32_BIT_CONVERSION = YES;
				GCC_WARN_ABOUT_RETURN_TYPE = YES_ERROR;
				GCC_WARN_UNDECLARED_SELECTOR = YES;
				GCC_WARN_UNINITIALIZED_AUTOS = YES_AGGRESSIVE;
				GCC_WARN_UNUSED_FUNCTION = YES;
				GCC_WARN_UNUSED_VARIABLE = YES;
				IPHONEOS_DEPLOYMENT_TARGET = 16.4;
				MTL_ENABLE_DEBUG_INFO = INCLUDE_SOURCE;
				MTL_FAST_MATH = YES;
				ONLY_ACTIVE_ARCH = YES;
				SDKROOT = iphoneos;
				SWIFT_ACTIVE_COMPILATION_CONDITIONS = DEBUG;
				SWIFT_OPTIMIZATION_LEVEL = "-Onone";
			};
			name = Debug;
		};
		B04FE72F2FE0015A00ADE0C8 /* Release */ = {
			isa = XCBuildConfiguration;
			buildSettings = {
				ALWAYS_SEARCH_USER_PATHS = NO;
				CLANG_ANALYZER_NONNULL = YES;
				CLANG_ANALYZER_NUMBER_OBJECT_CONVERSION = YES_AGGRESSIVE;
				CLANG_CXX_LANGUAGE_STANDARD = "gnu++20";
				CLANG_ENABLE_MODULES = YES;
				CLANG_ENABLE_OBJC_ARC = YES;
				CLANG_ENABLE_OBJC_WEAK = YES;
				CLANG_WARN_BLOCK_CAPTURE_AUTORELEASING = YES;
				CLANG_WARN_BOOL_CONVERSION = YES;
				CLANG_WARN_COMMA = YES;
				CLANG_WARN_CONSTANT_CONVERSION = YES;
				CLANG_WARN_DEPRECATED_OBJC_IMPLEMENTATIONS = YES;
				CLANG_WARN_DIRECT_OBJC_ISA_USAGE = YES_ERROR;
				CLANG_WARN_DOCUMENTATION_COMMENTS = YES;
				CLANG_WARN_EMPTY_BODY = YES;
				CLANG_WARN_ENUM_CONVERSION = YES;
				CLANG_WARN_INFINITE_RECURSION = YES;
				CLANG_WARN_INT_CONVERSION = YES;
				CLANG_WARN_NON_LITERAL_NULL_CONVERSION = YES;
				CLANG_WARN_OBJC_IMPLICIT_RETAIN_SELF = YES;
				CLANG_WARN_OBJC_LITERAL_CONVERSION = YES;
				CLANG_WARN_OBJC_ROOT_CLASS = YES_ERROR;
				CLANG_WARN_QUOTED_INCLUDE_IN_FRAMEWORK_HEADER = YES;
				CLANG_WARN_RANGE_LOOP_ANALYSIS = YES;
				CLANG_WARN_STRICT_PROTOTYPES = YES;
				CLANG_WARN_SUSPICIOUS_MOVE = YES;
				CLANG_WARN_UNGUARDED_AVAILABILITY = YES_AGGRESSIVE;
				CLANG_WARN_UNREACHABLE_CODE = YES;
				CLANG_WARN__DUPLICATE_METHOD_MATCH = YES;
				COPY_PHASE_STRIP = NO;
				DEBUG_INFORMATION_FORMAT = "dwarf-with-dsym";
				ENABLE_NS_ASSERTIONS = NO;
				ENABLE_STRICT_OBJC_MSGSEND = YES;
				GCC_C_LANGUAGE_STANDARD = gnu11;
				GCC_NO_COMMON_BLOCKS = YES;
				GCC_WARN_64_TO_32_BIT_CONVERSION = YES;
				GCC_WARN_ABOUT_RETURN_TYPE = YES_ERROR;
				GCC_WARN_UNDECLARED_SELECTOR = YES;
				GCC_WARN_UNINITIALIZED_AUTOS = YES_AGGRESSIVE;
				GCC_WARN_UNUSED_FUNCTION = YES;
				GCC_WARN_UNUSED_VARIABLE = YES;
				IPHONEOS_DEPLOYMENT_TARGET = 16.4;
				MTL_ENABLE_DEBUG_INFO = NO;
				MTL_FAST_MATH = YES;
				SDKROOT = iphoneos;
				SWIFT_COMPILATION_MODE = wholemodule;
				SWIFT_OPTIMIZATION_LEVEL = "-O";
				VALIDATE_PRODUCT = YES;
			};
			name = Release;
		};
		B04FE7312FE0015A00ADE0C8 /* Debug */ = {
			isa = XCBuildConfiguration;
			buildSettings = {
				ASSETCATALOG_COMPILER_APPICON_NAME = AppIcon;
				ASSETCATALOG_COMPILER_GLOBAL_ACCENT_COLOR_NAME = AccentColor;
				CODE_SIGN_STYLE = Automatic;
				CURRENT_PROJECT_VERSION = 21;
				DEVELOPMENT_ASSET_PATHS = "\"Basic Expense Tracker/Preview Content\"";
				DEVELOPMENT_TEAM = TG4VB93PGP;
				ENABLE_PREVIEWS = YES;
				GENERATE_INFOPLIST_FILE = YES;
				INFOPLIST_KEY_CFBundleDisplayName = "Vista Expense Tracker";
				INFOPLIST_KEY_LSApplicationCategoryType = "public.app-category.finance";
				INFOPLIST_KEY_UIApplicationSceneManifest_Generation = YES;
				INFOPLIST_KEY_UIApplicationSupportsIndirectInputEvents = YES;
				INFOPLIST_KEY_UILaunchScreen_Generation = YES;
				INFOPLIST_KEY_UIStatusBarStyle = "";
				INFOPLIST_KEY_UISupportedInterfaceOrientations = UIInterfaceOrientationPortrait;
				INFOPLIST_KEY_UISupportedInterfaceOrientations_iPad = "UIInterfaceOrientationLandscapeLeft UIInterfaceOrientationLandscapeRight UIInterfaceOrientationPortrait UIInterfaceOrientationPortraitUpsideDown";
				IPHONEOS_DEPLOYMENT_TARGET = 16.0;
				LD_RUNPATH_SEARCH_PATHS = (
					"$(inherited)",
					"@executable_path/Frameworks",
				);
				MARKETING_VERSION = 0.6;
				PRODUCT_BUNDLE_IDENTIFIER = "Vista.Basic-Expense-Tracker";
				PRODUCT_NAME = "$(TARGET_NAME)";
				SWIFT_EMIT_LOC_STRINGS = YES;
				SWIFT_VERSION = 5.0;
				TARGETED_DEVICE_FAMILY = "1,2";
			};
			name = Debug;
		};
		B04FE7322FE0015A00ADE0C8 /* Release */ = {
			isa = XCBuildConfiguration;
			buildSettings = {
				ASSETCATALOG_COMPILER_APPICON_NAME = AppIcon;
				ASSETCATALOG_COMPILER_GLOBAL_ACCENT_COLOR_NAME = AccentColor;
				CODE_SIGN_STYLE = Automatic;
				CURRENT_PROJECT_VERSION = 21;
				DEVELOPMENT_ASSET_PATHS = "\"Basic Expense Tracker/Preview Content\"";
				DEVELOPMENT_TEAM = TG4VB93PGP;
				ENABLE_PREVIEWS = YES;
				GENERATE_INFOPLIST_FILE = YES;
				INFOPLIST_KEY_CFBundleDisplayName = "Vista Expense Tracker";
				INFOPLIST_KEY_LSApplicationCategoryType = "public.app-category.finance";
				INFOPLIST_KEY_UIApplicationSceneManifest_Generation = YES;
				INFOPLIST_KEY_UIApplicationSupportsIndirectInputEvents = YES;
				INFOPLIST_KEY_UILaunchScreen_Generation = YES;
				INFOPLIST_KEY_UIStatusBarStyle = "";
				INFOPLIST_KEY_UISupportedInterfaceOrientations = UIInterfaceOrientationPortrait;
				INFOPLIST_KEY_UISupportedInterfaceOrientations_iPad = "UIInterfaceOrientationLandscapeLeft UIInterfaceOrientationLandscapeRight UIInterfaceOrientationPortrait UIInterfaceOrientationPortraitUpsideDown";
				IPHONEOS_DEPLOYMENT_TARGET = 16.0;
				LD_RUNPATH_SEARCH_PATHS = (
					"$(inherited)",
					"@executable_path/Frameworks",
				);
				MARKETING_VERSION = 0.6;
				PRODUCT_BUNDLE_IDENTIFIER = "Vista.Basic-Expense-Tracker";
				PRODUCT_NAME = "$(TARGET_NAME)";
				SWIFT_EMIT_LOC_STRINGS = YES;
				SWIFT_VERSION = 5.0;
				TARGETED_DEVICE_FAMILY = "1,2";
			};
			name = Release;
		};
		B04FE7342FE0015A00ADE0C8 /* Debug */ = {
			isa = XCBuildConfiguration;
			buildSettings = {
				ALWAYS_EMBED_SWIFT_STANDARD_LIBRARIES = YES;
				BUNDLE_LOADER = "$(TEST_HOST)";
				CODE_SIGN_STYLE = Automatic;
				CURRENT_PROJECT_VERSION = 1;
				DEVELOPMENT_TEAM = TG4VB93PGP;
				GENERATE_INFOPLIST_FILE = YES;
				IPHONEOS_DEPLOYMENT_TARGET = 16.4;
				MARKETING_VERSION = 1.0;
				PRODUCT_BUNDLE_IDENTIFIER = "Vista.Basic-Expense-TrackerTests";
				PRODUCT_NAME = "$(TARGET_NAME)";
				SWIFT_EMIT_LOC_STRINGS = NO;
				SWIFT_VERSION = 5.0;
				TARGETED_DEVICE_FAMILY = "1,2";
				TEST_HOST = "$(BUILT_PRODUCTS_DIR)/Basic Expense Tracker.app/$(BUNDLE_EXECUTABLE_FOLDER_PATH)/Basic Expense Tracker";
			};
			name = Debug;
		};
		B04FE7352FE0015A00ADE0C8 /* Release */ = {
			isa = XCBuildConfiguration;
			buildSettings = {
				ALWAYS_EMBED_SWIFT_STANDARD_LIBRARIES = YES;
				BUNDLE_LOADER = "$(TEST_HOST)";
				CODE_SIGN_STYLE = Automatic;
				CURRENT_PROJECT_VERSION = 1;
				DEVELOPMENT_TEAM = TG4VB93PGP;
				GENERATE_INFOPLIST_FILE = YES;
				IPHONEOS_DEPLOYMENT_TARGET = 16.4;
				MARKETING_VERSION = 1.0;
				PRODUCT_BUNDLE_IDENTIFIER = "Vista.Basic-Expense-TrackerTests";
				PRODUCT_NAME = "$(TARGET_NAME)";
				SWIFT_EMIT_LOC_STRINGS = NO;
				SWIFT_VERSION = 5.0;
				TARGETED_DEVICE_FAMILY = "1,2";
				TEST_HOST = "$(BUILT_PRODUCTS_DIR)/Basic Expense Tracker.app/$(BUNDLE_EXECUTABLE_FOLDER_PATH)/Basic Expense Tracker";
			};
			name = Release;
		};
		B04FE7372FE0015A00ADE0C8 /* Debug */ = {
			isa = XCBuildConfiguration;
			buildSettings = {
				ALWAYS_EMBED_SWIFT_STANDARD_LIBRARIES = YES;
				CODE_SIGN_STYLE = Automatic;
				CURRENT_PROJECT_VERSION = 1;
				DEVELOPMENT_TEAM = TG4VB93PGP;
				GENERATE_INFOPLIST_FILE = YES;
				MARKETING_VERSION = 1.0;
				PRODUCT_BUNDLE_IDENTIFIER = "Vista.Basic-Expense-TrackerUITests";
				PRODUCT_NAME = "$(TARGET_NAME)";
				SWIFT_EMIT_LOC_STRINGS = NO;
				SWIFT_VERSION = 5.0;
				TARGETED_DEVICE_FAMILY = "1,2";
				TEST_TARGET_NAME = "Basic Expense Tracker";
			};
			name = Debug;
		};
		B04FE7382FE0015A00ADE0C8 /* Release */ = {
			isa = XCBuildConfiguration;
			buildSettings = {
				ALWAYS_EMBED_SWIFT_STANDARD_LIBRARIES = YES;
				CODE_SIGN_STYLE = Automatic;
				CURRENT_PROJECT_VERSION = 1;
				DEVELOPMENT_TEAM = TG4VB93PGP;
				GENERATE_INFOPLIST_FILE = YES;
				MARKETING_VERSION = 1.0;
				PRODUCT_BUNDLE_IDENTIFIER = "Vista.Basic-Expense-TrackerUITests";
				PRODUCT_NAME = "$(TARGET_NAME)";
				SWIFT_EMIT_LOC_STRINGS = NO;
				SWIFT_VERSION = 5.0;
				TARGETED_DEVICE_FAMILY = "1,2";
				TEST_TARGET_NAME = "Basic Expense Tracker";
			};
			name = Release;
		};
/* End XCBuildConfiguration section */

/* Begin XCConfigurationList section */
		B04FE7072FE0015900ADE0C8 /* Build configuration list for PBXProject "Basic Expense Tracker" */ = {
			isa = XCConfigurationList;
			buildConfigurations = (
				B04FE72E2FE0015A00ADE0C8 /* Debug */,
				B04FE72F2FE0015A00ADE0C8 /* Release */,
			);
			defaultConfigurationIsVisible = 0;
			defaultConfigurationName = Release;
		};
		B04FE7302FE0015A00ADE0C8 /* Build configuration list for PBXNativeTarget "Basic Expense Tracker" */ = {
			isa = XCConfigurationList;
			buildConfigurations = (
				B04FE7312FE0015A00ADE0C8 /* Debug */,
				B04FE7322FE0015A00ADE0C8 /* Release */,
			);
			defaultConfigurationIsVisible = 0;
			defaultConfigurationName = Release;
		};
		B04FE7332FE0015A00ADE0C8 /* Build configuration list for PBXNativeTarget "Basic Expense TrackerTests" */ = {
			isa = XCConfigurationList;
			buildConfigurations = (
				B04FE7342FE0015A00ADE0C8 /* Debug */,
				B04FE7352FE0015A00ADE0C8 /* Release */,
			);
			defaultConfigurationIsVisible = 0;
			defaultConfigurationName = Release;
		};
		B04FE7362FE0015A00ADE0C8 /* Build configuration list for PBXNativeTarget "Basic Expense TrackerUITests" */ = {
			isa = XCConfigurationList;
			buildConfigurations = (
				B04FE7372FE0015A00ADE0C8 /* Debug */,
				B04FE7382FE0015A00ADE0C8 /* Release */,
			);
			defaultConfigurationIsVisible = 0;
			defaultConfigurationName = Release;
		};
/* End XCConfigurationList section */
	};
	rootObject = B04FE7042FE0015900ADE0C8 /* Project object */;
}
